schema: '2.0'
stages:
  prepare_data:
    cmd: bash prepare_dsprites.sh
    deps:
    - path: prepare_dsprites.sh
      md5: 849dcedaf203079ee949e3105c58e58e
      size: 177
    outs:
    - path: data/
      md5: 8177300675b196f3631c009805548ac3.dir
      size: 19318135
      nfiles: 1
  train:
    cmd: python3 -m vsa_codebook_decoder.train
    deps:
    - path: conf/config.yaml
      md5: 0499c763a98d353a532dd226245e0fcf
      size: 44
